{
  "object": {
    "pins": [
      {
        "package": "Rearrange",
        "repositoryURL": "https://github.com/ChimeHQ/Rearrange",
        "state": {
          "branch": null,
          "revision": "8f97f721d8a08c6e01ab9f7460e53819bef72dfa",
          "version": "1.5.3"
        }
      },
      {
        "package": "SwiftTreeSitter",
        "repositoryURL": "https://github.com/ChimeHQ/SwiftTreeSitter",
        "state": {
          "branch": null,
          "revision": "0efb0edf388408aab69b6750da264dfff0e3568b",
          "version": null
        }
      }
    ]
  },
  "version": 1
}
